
Microsoft Visual Studio Solution File, Format Version 12.00
# Visual Studio 15
VisualStudioVersion = 15.0.28306.52
MinimumVisualStudioVersion = 10.0.40219.1
Project("{FAE04EC0-301F-11D3-BF4B-00C04F79EFBC}") = "foreach Challenge", "foreach Challenge\foreach Challenge.csproj", "{63ADE9B8-F35C-4B8A-A741-83B425C1F8C4}"
EndProject
Global
	GlobalSection(SolutionConfigurationPlatforms) = preSolution
		Debug|Any CPU = Debug|Any CPU
		Release|Any CPU = Release|Any CPU
	EndGlobalSection
	GlobalSection(ProjectConfigurationPlatforms) = postSolution
		{63ADE9B8-F35C-4B8A-A741-83B425C1F8C4}.Debug|Any CPU.ActiveCfg = Debug|Any CPU
		{63ADE9B8-F35C-4B8A-A741-83B425C1F8C4}.Debug|Any CPU.Build.0 = Debug|Any CPU
		{63ADE9B8-F35C-4B8A-A741-83B425C1F8C4}.Release|Any CPU.ActiveCfg = Release|Any CPU
		{63ADE9B8-F35C-4B8A-A741-83B425C1F8C4}.Release|Any CPU.Build.0 = Release|Any CPU
	EndGlobalSection
	GlobalSection(SolutionProperties) = preSolution
		HideSolutionNode = FALSE
	EndGlobalSection
	GlobalSection(ExtensibilityGlobals) = postSolution
		SolutionGuid = {00BCF5AB-F917-4F3D-9D1B-38D8C7FF89FF}
	EndGlobalSection
EndGlobal
